// !$*UTF8*$!
{
	archiveVersion = 1;
	classes = {
	};
	objectVersion = 46;
	objects = {

/* Begin PBXBuildFile section */
		63C6C5BA144E74620028CF05 /* COPYING in Resources */ = {isa = PBXBuildFile; fileRef = FF4576BA144E0C0200C765B4 /* COPYING */; };
		63C6C5BC144E74FB0028CF05 /* icon.icns in Resources */ = {isa = PBXBuildFile; fileRef = 63C6C5BB144E74FB0028CF05 /* icon.icns */; };
		FF16D29D144F233600B9B1E6 /* libmxml.a in Frameworks */ = {isa = PBXBuildFile; fileRef = FF16D29C144F233600B9B1E6 /* libmxml.a */; };
		FF16D2B1144F26EA00B9B1E6 /* InfoPlist.strings in Resources */ = {isa = PBXBuildFile; fileRef = FF16D2AF144F26EA00B9B1E6 /* InfoPlist.strings */; };
		FF16D2B3144F26EA00B9B1E6 /* main.m in Sources */ = {isa = PBXBuildFile; fileRef = FF16D2B2144F26EA00B9B1E6 /* main.m */; };
		FF16D2B7144F26EA00B9B1E6 /* Credits.rtf in Resources */ = {isa = PBXBuildFile; fileRef = FF16D2B5144F26EA00B9B1E6 /* Credits.rtf */; };
		FF16D2BA144F26EA00B9B1E6 /* psx2AppDelegate.mm in Sources */ = {isa = PBXBuildFile; fileRef = FF16D2B9144F26EA00B9B1E6 /* psx2AppDelegate.mm */; };
		FF16D2BD144F26EA00B9B1E6 /* MainMenu.xib in Resources */ = {isa = PBXBuildFile; fileRef = FF16D2BB144F26EA00B9B1E6 /* MainMenu.xib */; };
		FF16D2C1144F272000B9B1E6 /* ApplicationServices.framework in Frameworks */ = {isa = PBXBuildFile; fileRef = FF45770F144E1CD300C765B4 /* ApplicationServices.framework */; };
		FF16D2C2144F272000B9B1E6 /* Cocoa.framework in Frameworks */ = {isa = PBXBuildFile; fileRef = FF457716144E1D2B00C765B4 /* Cocoa.framework */; };
		FF16D2C3144F272000B9B1E6 /* Quartz.framework in Frameworks */ = {isa = PBXBuildFile; fileRef = FF457708144E1C0400C765B4 /* Quartz.framework */; };
		FF16D2C4144F272000B9B1E6 /* libfftw3.dylib in Frameworks */ = {isa = PBXBuildFile; fileRef = FF4576EF144E0DF400C765B4 /* libfftw3.dylib */; };
		FF16D2C5144F272000B9B1E6 /* libfftw3f.dylib in Frameworks */ = {isa = PBXBuildFile; fileRef = FF45771C144E1D9E00C765B4 /* libfftw3f.dylib */; };
		FF16D2C6144F272000B9B1E6 /* libfltk.a in Frameworks */ = {isa = PBXBuildFile; fileRef = FF4576EC144E0DA600C765B4 /* libfltk.a */; };
		FF16D2C7144F272000B9B1E6 /* libaudiofile.dylib in Frameworks */ = {isa = PBXBuildFile; fileRef = FF4576EA144E0D5500C765B4 /* libaudiofile.dylib */; };
		FF16D2C8144F272000B9B1E6 /* libmad.dylib in Frameworks */ = {isa = PBXBuildFile; fileRef = FF4576E8144E0D4F00C765B4 /* libmad.dylib */; };
		FF16D2C9144F272000B9B1E6 /* libmxml.a in Frameworks */ = {isa = PBXBuildFile; fileRef = FF16D29C144F233600B9B1E6 /* libmxml.a */; };
		FF16D2CA144F272000B9B1E6 /* libogg.dylib in Frameworks */ = {isa = PBXBuildFile; fileRef = FF4576E6144E0D4900C765B4 /* libogg.dylib */; };
		FF16D2CB144F272000B9B1E6 /* libportaudio.2.0.0.dylib in Frameworks */ = {isa = PBXBuildFile; fileRef = FF457735144E1F5700C765B4 /* libportaudio.2.0.0.dylib */; };
		FF16D2CC144F272000B9B1E6 /* libvorbis.dylib in Frameworks */ = {isa = PBXBuildFile; fileRef = FF4576E4144E0D4200C765B4 /* libvorbis.dylib */; };
		FF16D2CD144F272000B9B1E6 /* libvorbisenc.dylib in Frameworks */ = {isa = PBXBuildFile; fileRef = FF457730144E1EB700C765B4 /* libvorbisenc.dylib */; };
		FF16D2CE144F272000B9B1E6 /* libvorbisfile.dylib in Frameworks */ = {isa = PBXBuildFile; fileRef = FF45772D144E1E9C00C765B4 /* libvorbisfile.dylib */; };
		FF16D2CF144F272000B9B1E6 /* libz.dylib in Frameworks */ = {isa = PBXBuildFile; fileRef = FF457719144E1D6600C765B4 /* libz.dylib */; };
		FF16D2D0144F47A400B9B1E6 /* icon.icns in Resources */ = {isa = PBXBuildFile; fileRef = 63C6C5BB144E74FB0028CF05 /* icon.icns */; };
		FF16D2D1144F48B400B9B1E6 /* BinauralBeats.cpp in Sources */ = {isa = PBXBuildFile; fileRef = FF4576B1144E0C0200C765B4 /* BinauralBeats.cpp */; };
		FF16D2D2144F48B400B9B1E6 /* Control.cpp in Sources */ = {isa = PBXBuildFile; fileRef = FF4576B8144E0C0200C765B4 /* Control.cpp */; };
		FF16D2D3144F48B400B9B1E6 /* FreeEdit.cpp in Sources */ = {isa = PBXBuildFile; fileRef = FF4576BB144E0C0200C765B4 /* FreeEdit.cpp */; };
		FF16D2D4144F48B400B9B1E6 /* globals.cpp in Sources */ = {isa = PBXBuildFile; fileRef = FF4576BE144E0C0200C765B4 /* globals.cpp */; };
		FF16D2D5144F48B400B9B1E6 /* JAaudiooutput.cpp in Sources */ = {isa = PBXBuildFile; fileRef = FF4576C2144E0C0200C765B4 /* JAaudiooutput.cpp */; };
		FF16D2D6144F48BF00B9B1E6 /* AInputS.cpp in Sources */ = {isa = PBXBuildFile; fileRef = FF45775E144E274700C765B4 /* AInputS.cpp */; };
		FF16D2D7144F48BF00B9B1E6 /* MP3InputS.cpp in Sources */ = {isa = PBXBuildFile; fileRef = FF457761144E274700C765B4 /* MP3InputS.cpp */; };
		FF16D2D8144F48BF00B9B1E6 /* VorbisInputS.cpp in Sources */ = {isa = PBXBuildFile; fileRef = FF457763144E274700C765B4 /* VorbisInputS.cpp */; };
		FF16D2D9144F48C600B9B1E6 /* AOutputS.cpp in Sources */ = {isa = PBXBuildFile; fileRef = FF457769144E275A00C765B4 /* AOutputS.cpp */; };
		FF16D2DA144F48C600B9B1E6 /* VorbisOutputS.cpp in Sources */ = {isa = PBXBuildFile; fileRef = FF45776B144E275A00C765B4 /* VorbisOutputS.cpp */; };
		FF16D2DB144F48E400B9B1E6 /* FreeEditUI.cxx in Sources */ = {isa = PBXBuildFile; fileRef = FF45773B144E216100C765B4 /* FreeEditUI.cxx */; };
		FF16D2DC144F48E400B9B1E6 /* Mutex.cpp in Sources */ = {isa = PBXBuildFile; fileRef = FF4576C4144E0C0200C765B4 /* Mutex.cpp */; };
		FF16D2DD144F48F200B9B1E6 /* PAaudiooutput.cpp in Sources */ = {isa = PBXBuildFile; fileRef = FF4576C7144E0C0200C765B4 /* PAaudiooutput.cpp */; };
		FF16D2DF144F48F200B9B1E6 /* ProcessedStretch.cpp in Sources */ = {isa = PBXBuildFile; fileRef = FF4576CB144E0C0200C765B4 /* ProcessedStretch.cpp */; };
		FF16D2E0144F48F200B9B1E6 /* Stretch.cpp in Sources */ = {isa = PBXBuildFile; fileRef = FF4576CE144E0C0200C765B4 /* Stretch.cpp */; };
		FF16D2E1144F48F200B9B1E6 /* Thread.cpp in Sources */ = {isa = PBXBuildFile; fileRef = FF4576D0144E0C0200C765B4 /* Thread.cpp */; };
		FF16D2E2144F48F200B9B1E6 /* XMLwrapper.cpp in Sources */ = {isa = PBXBuildFile; fileRef = FF4576D3144E0C0200C765B4 /* XMLwrapper.cpp */; };
		FF16D2E4144F491900B9B1E6 /* Player.cpp in Sources */ = {isa = PBXBuildFile; fileRef = FF4576C9144E0C0200C765B4 /* Player.cpp */; };
		FF1F28F3144E2E6E00860684 /* BinauralBeats.cpp in Sources */ = {isa = PBXBuildFile; fileRef = FF4576B1144E0C0200C765B4 /* BinauralBeats.cpp */; };
		FF1F28F4144E2E6E00860684 /* Control.cpp in Sources */ = {isa = PBXBuildFile; fileRef = FF4576B8144E0C0200C765B4 /* Control.cpp */; };
		FF1F28F5144E2E6E00860684 /* FreeEdit.cpp in Sources */ = {isa = PBXBuildFile; fileRef = FF4576BB144E0C0200C765B4 /* FreeEdit.cpp */; };
		FF1F28F6144E2E6E00860684 /* globals.cpp in Sources */ = {isa = PBXBuildFile; fileRef = FF4576BE144E0C0200C765B4 /* globals.cpp */; };
		FF1F28F7144E2E6E00860684 /* JAaudiooutput.cpp in Sources */ = {isa = PBXBuildFile; fileRef = FF4576C2144E0C0200C765B4 /* JAaudiooutput.cpp */; };
		FF1F28F8144E2E6E00860684 /* Mutex.cpp in Sources */ = {isa = PBXBuildFile; fileRef = FF4576C4144E0C0200C765B4 /* Mutex.cpp */; };
		FF1F28F9144E2E6E00860684 /* PAaudiooutput.cpp in Sources */ = {isa = PBXBuildFile; fileRef = FF4576C7144E0C0200C765B4 /* PAaudiooutput.cpp */; };
		FF1F28FA144E2E6E00860684 /* Player.cpp in Sources */ = {isa = PBXBuildFile; fileRef = FF4576C9144E0C0200C765B4 /* Player.cpp */; };
		FF1F28FB144E2E6E00860684 /* ProcessedStretch.cpp in Sources */ = {isa = PBXBuildFile; fileRef = FF4576CB144E0C0200C765B4 /* ProcessedStretch.cpp */; };
		FF1F28FC144E2E6E00860684 /* Stretch.cpp in Sources */ = {isa = PBXBuildFile; fileRef = FF4576CE144E0C0200C765B4 /* Stretch.cpp */; };
		FF1F28FD144E2E6E00860684 /* Thread.cpp in Sources */ = {isa = PBXBuildFile; fileRef = FF4576D0144E0C0200C765B4 /* Thread.cpp */; };
		FF1F28FE144E2E6E00860684 /* XMLwrapper.cpp in Sources */ = {isa = PBXBuildFile; fileRef = FF4576D3144E0C0200C765B4 /* XMLwrapper.cpp */; };
		FF1F28FF144E2E7800860684 /* AOutputS.cpp in Sources */ = {isa = PBXBuildFile; fileRef = FF457769144E275A00C765B4 /* AOutputS.cpp */; };
		FF1F2900144E2E7800860684 /* VorbisOutputS.cpp in Sources */ = {isa = PBXBuildFile; fileRef = FF45776B144E275A00C765B4 /* VorbisOutputS.cpp */; };
		FF1F2901144E2E7F00860684 /* AInputS.cpp in Sources */ = {isa = PBXBuildFile; fileRef = FF45775E144E274700C765B4 /* AInputS.cpp */; };
		FF1F2902144E2E7F00860684 /* MP3InputS.cpp in Sources */ = {isa = PBXBuildFile; fileRef = FF457761144E274700C765B4 /* MP3InputS.cpp */; };
		FF1F2903144E2E7F00860684 /* VorbisInputS.cpp in Sources */ = {isa = PBXBuildFile; fileRef = FF457763144E274700C765B4 /* VorbisInputS.cpp */; };
		FF1F2904144E2E9F00860684 /* ApplicationServices.framework in Frameworks */ = {isa = PBXBuildFile; fileRef = FF45770F144E1CD300C765B4 /* ApplicationServices.framework */; };
		FF1F2905144E2E9F00860684 /* Quartz.framework in Frameworks */ = {isa = PBXBuildFile; fileRef = FF457708144E1C0400C765B4 /* Quartz.framework */; };
		FF1F2907144E2E9F00860684 /* libfftw3.dylib in Frameworks */ = {isa = PBXBuildFile; fileRef = FF4576EF144E0DF400C765B4 /* libfftw3.dylib */; };
		FF1F2908144E2E9F00860684 /* libfftw3f.dylib in Frameworks */ = {isa = PBXBuildFile; fileRef = FF45771C144E1D9E00C765B4 /* libfftw3f.dylib */; };
		FF1F2909144E2E9F00860684 /* libfltk.a in Frameworks */ = {isa = PBXBuildFile; fileRef = FF4576EC144E0DA600C765B4 /* libfltk.a */; };
		FF1F290A144E2E9F00860684 /* libaudiofile.dylib in Frameworks */ = {isa = PBXBuildFile; fileRef = FF4576EA144E0D5500C765B4 /* libaudiofile.dylib */; };
		FF1F290B144E2E9F00860684 /* libmad.dylib in Frameworks */ = {isa = PBXBuildFile; fileRef = FF4576E8144E0D4F00C765B4 /* libmad.dylib */; };
		FF1F290C144E2E9F00860684 /* libogg.dylib in Frameworks */ = {isa = PBXBuildFile; fileRef = FF4576E6144E0D4900C765B4 /* libogg.dylib */; };
		FF1F290D144E2E9F00860684 /* libportaudio.2.0.0.dylib in Frameworks */ = {isa = PBXBuildFile; fileRef = FF457735144E1F5700C765B4 /* libportaudio.2.0.0.dylib */; };
		FF1F290E144E2E9F00860684 /* libvorbis.dylib in Frameworks */ = {isa = PBXBuildFile; fileRef = FF4576E4144E0D4200C765B4 /* libvorbis.dylib */; };
		FF1F290F144E2E9F00860684 /* libvorbisenc.dylib in Frameworks */ = {isa = PBXBuildFile; fileRef = FF457730144E1EB700C765B4 /* libvorbisenc.dylib */; };
		FF1F2910144E2E9F00860684 /* libvorbisfile.dylib in Frameworks */ = {isa = PBXBuildFile; fileRef = FF45772D144E1E9C00C765B4 /* libvorbisfile.dylib */; };
		FF1F2911144E2E9F00860684 /* libz.dylib in Frameworks */ = {isa = PBXBuildFile; fileRef = FF457719144E1D6600C765B4 /* libz.dylib */; };
		FF1F2912144E2EC000860684 /* FreeEditUI.cxx in Sources */ = {isa = PBXBuildFile; fileRef = FF45773B144E216100C765B4 /* FreeEditUI.cxx */; };
		FF1F2913144E2EC000860684 /* GUI.cxx in Sources */ = {isa = PBXBuildFile; fileRef = FF457738144E215900C765B4 /* GUI.cxx */; };
		FF1F2914144E2EF000860684 /* Cocoa.framework in Frameworks */ = {isa = PBXBuildFile; fileRef = FF457716144E1D2B00C765B4 /* Cocoa.framework */; };
		FF1F293C144E2FC600860684 /* InfoPlist.strings in Resources */ = {isa = PBXBuildFile; fileRef = FF1F2938144E2FC600860684 /* InfoPlist.strings */; };
/* End PBXBuildFile section */

/* Begin PBXFileReference section */
		63C6C5BB144E74FB0028CF05 /* icon.icns */ = {isa = PBXFileReference; lastKnownFileType = image.icns; path = icon.icns; sourceTree = "<group>"; };
		FF16D29C144F233600B9B1E6 /* libmxml.a */ = {isa = PBXFileReference; lastKnownFileType = archive.ar; name = libmxml.a; path = /usr/local/Cellar/mxml/2.6/lib/libmxml.a; sourceTree = "<absolute>"; };
		FF16D2A3144F26EA00B9B1E6 /* psx2.app */ = {isa = PBXFileReference; explicitFileType = wrapper.application; includeInIndex = 0; path = psx2.app; sourceTree = BUILT_PRODUCTS_DIR; };
		FF16D2AE144F26EA00B9B1E6 /* psx2-Info.plist */ = {isa = PBXFileReference; lastKnownFileType = text.plist.xml; name = "psx2-Info.plist"; path = "psx2/psx2-Info.plist"; sourceTree = "<group>"; };
		FF16D2B0144F26EA00B9B1E6 /* en */ = {isa = PBXFileReference; lastKnownFileType = text.plist.strings; name = en; path = en.lproj/InfoPlist.strings; sourceTree = "<group>"; };
		FF16D2B2144F26EA00B9B1E6 /* main.m */ = {isa = PBXFileReference; lastKnownFileType = sourcecode.c.objc; path = main.m; sourceTree = "<group>"; };
		FF16D2B4144F26EA00B9B1E6 /* psx2-Prefix.pch */ = {isa = PBXFileReference; lastKnownFileType = sourcecode.c.h; name = "psx2-Prefix.pch"; path = "psx2/psx2-Prefix.pch"; sourceTree = "<group>"; };
		FF16D2B6144F26EA00B9B1E6 /* en */ = {isa = PBXFileReference; lastKnownFileType = text.rtf; name = en; path = en.lproj/Credits.rtf; sourceTree = "<group>"; };
		FF16D2B8144F26EA00B9B1E6 /* psx2AppDelegate.h */ = {isa = PBXFileReference; lastKnownFileType = sourcecode.c.h; path = psx2AppDelegate.h; sourceTree = "<group>"; };
		FF16D2B9144F26EA00B9B1E6 /* psx2AppDelegate.mm */ = {isa = PBXFileReference; lastKnownFileType = sourcecode.cpp.objcpp; path = psx2AppDelegate.mm; sourceTree = "<group>"; };
		FF16D2BC144F26EA00B9B1E6 /* en */ = {isa = PBXFileReference; lastKnownFileType = file.xib; name = en; path = en.lproj/MainMenu.xib; sourceTree = "<group>"; };
		FF1F28D4144E2E4400860684 /* psx.app */ = {isa = PBXFileReference; explicitFileType = wrapper.application; includeInIndex = 0; path = psx.app; sourceTree = BUILT_PRODUCTS_DIR; };
		FF1F2939144E2FC600860684 /* en */ = {isa = PBXFileReference; lastKnownFileType = text.plist.strings; name = en; path = InfoPlist.strings; sourceTree = "<group>"; };
		FF1F293A144E2FC600860684 /* psx-Info.plist */ = {isa = PBXFileReference; fileEncoding = 4; lastKnownFileType = text.plist.xml; path = "psx-Info.plist"; sourceTree = "<group>"; };
		FF1F293B144E2FC600860684 /* psx-Prefix.pch */ = {isa = PBXFileReference; fileEncoding = 4; lastKnownFileType = sourcecode.c.h; path = "psx-Prefix.pch"; sourceTree = "<group>"; };
		FF4576B1144E0C0200C765B4 /* BinauralBeats.cpp */ = {isa = PBXFileReference; lastKnownFileType = sourcecode.cpp.cpp; path = BinauralBeats.cpp; sourceTree = "<group>"; };
		FF4576B2144E0C0200C765B4 /* BinauralBeats.h */ = {isa = PBXFileReference; lastKnownFileType = sourcecode.c.h; path = BinauralBeats.h; sourceTree = "<group>"; };
		FF4576B8144E0C0200C765B4 /* Control.cpp */ = {isa = PBXFileReference; lastKnownFileType = sourcecode.cpp.cpp; path = Control.cpp; sourceTree = "<group>"; };
		FF4576B9144E0C0200C765B4 /* Control.h */ = {isa = PBXFileReference; lastKnownFileType = sourcecode.c.h; path = Control.h; sourceTree = "<group>"; };
		FF4576BA144E0C0200C765B4 /* COPYING */ = {isa = PBXFileReference; lastKnownFileType = text; path = COPYING; sourceTree = "<group>"; };
		FF4576BB144E0C0200C765B4 /* FreeEdit.cpp */ = {isa = PBXFileReference; lastKnownFileType = sourcecode.cpp.cpp; path = FreeEdit.cpp; sourceTree = "<group>"; };
		FF4576BC144E0C0200C765B4 /* FreeEdit.h */ = {isa = PBXFileReference; lastKnownFileType = sourcecode.c.h; path = FreeEdit.h; sourceTree = "<group>"; };
		FF4576BD144E0C0200C765B4 /* FreeEditUI.fl */ = {isa = PBXFileReference; lastKnownFileType = text; path = FreeEditUI.fl; sourceTree = "<group>"; };
		FF4576BE144E0C0200C765B4 /* globals.cpp */ = {isa = PBXFileReference; lastKnownFileType = sourcecode.cpp.cpp; path = globals.cpp; sourceTree = "<group>"; };
		FF4576BF144E0C0200C765B4 /* globals.h */ = {isa = PBXFileReference; lastKnownFileType = sourcecode.c.h; path = globals.h; sourceTree = "<group>"; };
		FF4576C0144E0C0200C765B4 /* GUI.fl */ = {isa = PBXFileReference; lastKnownFileType = text; path = GUI.fl; sourceTree = "<group>"; };
		FF4576C2144E0C0200C765B4 /* JAaudiooutput.cpp */ = {isa = PBXFileReference; lastKnownFileType = sourcecode.cpp.cpp; path = JAaudiooutput.cpp; sourceTree = "<group>"; };
		FF4576C3144E0C0200C765B4 /* JAaudiooutput.h */ = {isa = PBXFileReference; lastKnownFileType = sourcecode.c.h; path = JAaudiooutput.h; sourceTree = "<group>"; };
		FF4576C4144E0C0200C765B4 /* Mutex.cpp */ = {isa = PBXFileReference; lastKnownFileType = sourcecode.cpp.cpp; path = Mutex.cpp; sourceTree = "<group>"; };
		FF4576C5144E0C0200C765B4 /* Mutex.h */ = {isa = PBXFileReference; lastKnownFileType = sourcecode.c.h; path = Mutex.h; sourceTree = "<group>"; };
		FF4576C7144E0C0200C765B4 /* PAaudiooutput.cpp */ = {isa = PBXFileReference; lastKnownFileType = sourcecode.cpp.cpp; path = PAaudiooutput.cpp; sourceTree = "<group>"; };
		FF4576C8144E0C0200C765B4 /* PAaudiooutput.h */ = {isa = PBXFileReference; lastKnownFileType = sourcecode.c.h; path = PAaudiooutput.h; sourceTree = "<group>"; };
		FF4576C9144E0C0200C765B4 /* Player.cpp */ = {isa = PBXFileReference; lastKnownFileType = sourcecode.cpp.cpp; path = Player.cpp; sourceTree = "<group>"; };
		FF4576CA144E0C0200C765B4 /* Player.h */ = {isa = PBXFileReference; lastKnownFileType = sourcecode.c.h; path = Player.h; sourceTree = "<group>"; };
		FF4576CB144E0C0200C765B4 /* ProcessedStretch.cpp */ = {isa = PBXFileReference; lastKnownFileType = sourcecode.cpp.cpp; path = ProcessedStretch.cpp; sourceTree = "<group>"; };
		FF4576CC144E0C0200C765B4 /* ProcessedStretch.h */ = {isa = PBXFileReference; lastKnownFileType = sourcecode.c.h; path = ProcessedStretch.h; sourceTree = "<group>"; };
		FF4576CD144E0C0200C765B4 /* readme.txt */ = {isa = PBXFileReference; lastKnownFileType = text; path = readme.txt; sourceTree = "<group>"; };
		FF4576CE144E0C0200C765B4 /* Stretch.cpp */ = {isa = PBXFileReference; lastKnownFileType = sourcecode.cpp.cpp; path = Stretch.cpp; sourceTree = "<group>"; };
		FF4576CF144E0C0200C765B4 /* Stretch.h */ = {isa = PBXFileReference; lastKnownFileType = sourcecode.c.h; path = Stretch.h; sourceTree = "<group>"; };
		FF4576D0144E0C0200C765B4 /* Thread.cpp */ = {isa = PBXFileReference; lastKnownFileType = sourcecode.cpp.cpp; path = Thread.cpp; sourceTree = "<group>"; };
		FF4576D1144E0C0200C765B4 /* Thread.h */ = {isa = PBXFileReference; lastKnownFileType = sourcecode.c.h; path = Thread.h; sourceTree = "<group>"; };
		FF4576D2144E0C0200C765B4 /* version.h */ = {isa = PBXFileReference; lastKnownFileType = sourcecode.c.h; path = version.h; sourceTree = "<group>"; };
		FF4576D3144E0C0200C765B4 /* XMLwrapper.cpp */ = {isa = PBXFileReference; lastKnownFileType = sourcecode.cpp.cpp; path = XMLwrapper.cpp; sourceTree = "<group>"; };
		FF4576D4144E0C0200C765B4 /* XMLwrapper.h */ = {isa = PBXFileReference; lastKnownFileType = sourcecode.c.h; path = XMLwrapper.h; sourceTree = "<group>"; };
		FF4576E4144E0D4200C765B4 /* libvorbis.dylib */ = {isa = PBXFileReference; lastKnownFileType = "compiled.mach-o.dylib"; name = libvorbis.dylib; path = SDKs/MacOSX10.6.sdk/usr/local/lib/libvorbis.dylib; sourceTree = DEVELOPER_DIR; };
		FF4576E6144E0D4900C765B4 /* libogg.dylib */ = {isa = PBXFileReference; lastKnownFileType = "compiled.mach-o.dylib"; name = libogg.dylib; path = SDKs/MacOSX10.6.sdk/usr/local/lib/libogg.dylib; sourceTree = DEVELOPER_DIR; };
		FF4576E8144E0D4F00C765B4 /* libmad.dylib */ = {isa = PBXFileReference; lastKnownFileType = "compiled.mach-o.dylib"; name = libmad.dylib; path = SDKs/MacOSX10.6.sdk/usr/local/lib/libmad.dylib; sourceTree = DEVELOPER_DIR; };
		FF4576EA144E0D5500C765B4 /* libaudiofile.dylib */ = {isa = PBXFileReference; lastKnownFileType = "compiled.mach-o.dylib"; name = libaudiofile.dylib; path = SDKs/MacOSX10.6.sdk/usr/local/lib/libaudiofile.dylib; sourceTree = DEVELOPER_DIR; };
		FF4576EC144E0DA600C765B4 /* libfltk.a */ = {isa = PBXFileReference; lastKnownFileType = archive.ar; name = libfltk.a; path = /usr/local/Cellar/fltk/1.3.0/lib/libfltk.a; sourceTree = "<absolute>"; };
		FF4576EF144E0DF400C765B4 /* libfftw3.dylib */ = {isa = PBXFileReference; lastKnownFileType = "compiled.mach-o.dylib"; name = libfftw3.dylib; path = SDKs/MacOSX10.6.sdk/usr/local/lib/libfftw3.dylib; sourceTree = DEVELOPER_DIR; };
		FF457708144E1C0400C765B4 /* Quartz.framework */ = {isa = PBXFileReference; lastKnownFileType = wrapper.framework; name = Quartz.framework; path = SDKs/MacOSX10.6.sdk/System/Library/Frameworks/Quartz.framework; sourceTree = DEVELOPER_DIR; };
		FF45770F144E1CD300C765B4 /* ApplicationServices.framework */ = {isa = PBXFileReference; lastKnownFileType = wrapper.framework; name = ApplicationServices.framework; path = SDKs/MacOSX10.6.sdk/System/Library/Frameworks/ApplicationServices.framework; sourceTree = DEVELOPER_DIR; };
		FF457716144E1D2B00C765B4 /* Cocoa.framework */ = {isa = PBXFileReference; lastKnownFileType = wrapper.framework; name = Cocoa.framework; path = SDKs/MacOSX10.6.sdk/System/Library/Frameworks/Cocoa.framework; sourceTree = DEVELOPER_DIR; };
		FF457719144E1D6600C765B4 /* libz.dylib */ = {isa = PBXFileReference; lastKnownFileType = "compiled.mach-o.dylib"; name = libz.dylib; path = SDKs/MacOSX10.6.sdk/usr/lib/libz.dylib; sourceTree = DEVELOPER_DIR; };
		FF45771C144E1D9E00C765B4 /* libfftw3f.dylib */ = {isa = PBXFileReference; lastKnownFileType = "compiled.mach-o.dylib"; name = libfftw3f.dylib; path = SDKs/MacOSX10.6.sdk/usr/local/lib/libfftw3f.dylib; sourceTree = DEVELOPER_DIR; };
		FF45772D144E1E9C00C765B4 /* libvorbisfile.dylib */ = {isa = PBXFileReference; lastKnownFileType = "compiled.mach-o.dylib"; name = libvorbisfile.dylib; path = SDKs/MacOSX10.6.sdk/usr/local/lib/libvorbisfile.dylib; sourceTree = DEVELOPER_DIR; };
		FF457730144E1EB700C765B4 /* libvorbisenc.dylib */ = {isa = PBXFileReference; lastKnownFileType = "compiled.mach-o.dylib"; name = libvorbisenc.dylib; path = SDKs/MacOSX10.6.sdk/usr/local/lib/libvorbisenc.dylib; sourceTree = DEVELOPER_DIR; };
		FF457735144E1F5700C765B4 /* libportaudio.2.0.0.dylib */ = {isa = PBXFileReference; lastKnownFileType = "compiled.mach-o.dylib"; name = libportaudio.2.0.0.dylib; path = /usr/local/Cellar/portaudio/19.20071207/lib/libportaudio.2.0.0.dylib; sourceTree = "<absolute>"; };
		FF457738144E215900C765B4 /* GUI.cxx */ = {isa = PBXFileReference; fileEncoding = 4; lastKnownFileType = sourcecode.cpp.cpp; path = GUI.cxx; sourceTree = "<group>"; };
		FF457739144E215900C765B4 /* GUI.h */ = {isa = PBXFileReference; fileEncoding = 4; lastKnownFileType = sourcecode.c.h; path = GUI.h; sourceTree = "<group>"; };
		FF45773B144E216100C765B4 /* FreeEditUI.cxx */ = {isa = PBXFileReference; fileEncoding = 4; lastKnownFileType = sourcecode.cpp.cpp; path = FreeEditUI.cxx; sourceTree = "<group>"; };
		FF45773C144E216100C765B4 /* FreeEditUI.h */ = {isa = PBXFileReference; fileEncoding = 4; lastKnownFileType = sourcecode.c.h; path = FreeEditUI.h; sourceTree = "<group>"; };
		FF457755144E271D00C765B4 /* _kiss_fft_guts.h */ = {isa = PBXFileReference; fileEncoding = 4; lastKnownFileType = sourcecode.c.h; name = _kiss_fft_guts.h; path = contrib/_kiss_fft_guts.h; sourceTree = "<group>"; };
		FF457756144E271D00C765B4 /* COPYING_kiss_fft.txt */ = {isa = PBXFileReference; fileEncoding = 4; lastKnownFileType = text; name = COPYING_kiss_fft.txt; path = contrib/COPYING_kiss_fft.txt; sourceTree = "<group>"; };
		FF457757144E271D00C765B4 /* kiss_fft.c */ = {isa = PBXFileReference; fileEncoding = 4; lastKnownFileType = sourcecode.c.c; name = kiss_fft.c; path = contrib/kiss_fft.c; sourceTree = "<group>"; };
		FF457758144E271D00C765B4 /* kiss_fft.h */ = {isa = PBXFileReference; fileEncoding = 4; lastKnownFileType = sourcecode.c.h; name = kiss_fft.h; path = contrib/kiss_fft.h; sourceTree = "<group>"; };
		FF457759144E271D00C765B4 /* kiss_fftr.c */ = {isa = PBXFileReference; fileEncoding = 4; lastKnownFileType = sourcecode.c.c; name = kiss_fftr.c; path = contrib/kiss_fftr.c; sourceTree = "<group>"; };
		FF45775A144E271D00C765B4 /* kiss_fftr.h */ = {isa = PBXFileReference; fileEncoding = 4; lastKnownFileType = sourcecode.c.h; name = kiss_fftr.h; path = contrib/kiss_fftr.h; sourceTree = "<group>"; };
		FF45775E144E274700C765B4 /* AInputS.cpp */ = {isa = PBXFileReference; fileEncoding = 4; lastKnownFileType = sourcecode.cpp.cpp; name = AInputS.cpp; path = Input/AInputS.cpp; sourceTree = "<group>"; };
		FF45775F144E274700C765B4 /* AInputS.h */ = {isa = PBXFileReference; fileEncoding = 4; lastKnownFileType = sourcecode.c.h; name = AInputS.h; path = Input/AInputS.h; sourceTree = "<group>"; };
		FF457760144E274700C765B4 /* InputS.h */ = {isa = PBXFileReference; fileEncoding = 4; lastKnownFileType = sourcecode.c.h; name = InputS.h; path = Input/InputS.h; sourceTree = "<group>"; };
		FF457761144E274700C765B4 /* MP3InputS.cpp */ = {isa = PBXFileReference; fileEncoding = 4; lastKnownFileType = sourcecode.cpp.cpp; name = MP3InputS.cpp; path = Input/MP3InputS.cpp; sourceTree = "<group>"; };
		FF457762144E274700C765B4 /* MP3InputS.h */ = {isa = PBXFileReference; fileEncoding = 4; lastKnownFileType = sourcecode.c.h; name = MP3InputS.h; path = Input/MP3InputS.h; sourceTree = "<group>"; };
		FF457763144E274700C765B4 /* VorbisInputS.cpp */ = {isa = PBXFileReference; fileEncoding = 4; lastKnownFileType = sourcecode.cpp.cpp; name = VorbisInputS.cpp; path = Input/VorbisInputS.cpp; sourceTree = "<group>"; };
		FF457764144E274700C765B4 /* VorbisInputS.h */ = {isa = PBXFileReference; fileEncoding = 4; lastKnownFileType = sourcecode.c.h; name = VorbisInputS.h; path = Input/VorbisInputS.h; sourceTree = "<group>"; };
		FF457769144E275A00C765B4 /* AOutputS.cpp */ = {isa = PBXFileReference; fileEncoding = 4; lastKnownFileType = sourcecode.cpp.cpp; name = AOutputS.cpp; path = Output/AOutputS.cpp; sourceTree = "<group>"; };
		FF45776A144E275A00C765B4 /* AOutputS.h */ = {isa = PBXFileReference; fileEncoding = 4; lastKnownFileType = sourcecode.c.h; name = AOutputS.h; path = Output/AOutputS.h; sourceTree = "<group>"; };
		FF45776B144E275A00C765B4 /* VorbisOutputS.cpp */ = {isa = PBXFileReference; fileEncoding = 4; lastKnownFileType = sourcecode.cpp.cpp; name = VorbisOutputS.cpp; path = Output/VorbisOutputS.cpp; sourceTree = "<group>"; };
		FF45776C144E275A00C765B4 /* VorbisOutputS.h */ = {isa = PBXFileReference; fileEncoding = 4; lastKnownFileType = sourcecode.c.h; name = VorbisOutputS.h; path = Output/VorbisOutputS.h; sourceTree = "<group>"; };
/* End PBXFileReference section */

/* Begin PBXFrameworksBuildPhase section */
		FF16D2A0144F26EA00B9B1E6 /* Frameworks */ = {
			isa = PBXFrameworksBuildPhase;
			buildActionMask = 2147483647;
			files = (
				FF16D2C1144F272000B9B1E6 /* ApplicationServices.framework in Frameworks */,
				FF16D2C2144F272000B9B1E6 /* Cocoa.framework in Frameworks */,
				FF16D2C3144F272000B9B1E6 /* Quartz.framework in Frameworks */,
				FF16D2C4144F272000B9B1E6 /* libfftw3.dylib in Frameworks */,
				FF16D2C5144F272000B9B1E6 /* libfftw3f.dylib in Frameworks */,
				FF16D2C6144F272000B9B1E6 /* libfltk.a in Frameworks */,
				FF16D2C7144F272000B9B1E6 /* libaudiofile.dylib in Frameworks */,
				FF16D2C8144F272000B9B1E6 /* libmad.dylib in Frameworks */,
				FF16D2C9144F272000B9B1E6 /* libmxml.a in Frameworks */,
				FF16D2CA144F272000B9B1E6 /* libogg.dylib in Frameworks */,
				FF16D2CB144F272000B9B1E6 /* libportaudio.2.0.0.dylib in Frameworks */,
				FF16D2CC144F272000B9B1E6 /* libvorbis.dylib in Frameworks */,
				FF16D2CD144F272000B9B1E6 /* libvorbisenc.dylib in Frameworks */,
				FF16D2CE144F272000B9B1E6 /* libvorbisfile.dylib in Frameworks */,
				FF16D2CF144F272000B9B1E6 /* libz.dylib in Frameworks */,
			);
			runOnlyForDeploymentPostprocessing = 0;
		};
		FF1F28D1144E2E4400860684 /* Frameworks */ = {
			isa = PBXFrameworksBuildPhase;
			buildActionMask = 2147483647;
			files = (
				FF1F2914144E2EF000860684 /* Cocoa.framework in Frameworks */,
				FF1F2904144E2E9F00860684 /* ApplicationServices.framework in Frameworks */,
				FF1F2905144E2E9F00860684 /* Quartz.framework in Frameworks */,
				FF1F2907144E2E9F00860684 /* libfftw3.dylib in Frameworks */,
				FF1F2908144E2E9F00860684 /* libfftw3f.dylib in Frameworks */,
				FF1F2909144E2E9F00860684 /* libfltk.a in Frameworks */,
				FF1F290A144E2E9F00860684 /* libaudiofile.dylib in Frameworks */,
				FF16D29D144F233600B9B1E6 /* libmxml.a in Frameworks */,
				FF1F290B144E2E9F00860684 /* libmad.dylib in Frameworks */,
				FF1F290C144E2E9F00860684 /* libogg.dylib in Frameworks */,
				FF1F290D144E2E9F00860684 /* libportaudio.2.0.0.dylib in Frameworks */,
				FF1F290E144E2E9F00860684 /* libvorbis.dylib in Frameworks */,
				FF1F290F144E2E9F00860684 /* libvorbisenc.dylib in Frameworks */,
				FF1F2910144E2E9F00860684 /* libvorbisfile.dylib in Frameworks */,
				FF1F2911144E2E9F00860684 /* libz.dylib in Frameworks */,
			);
			runOnlyForDeploymentPostprocessing = 0;
		};
/* End PBXFrameworksBuildPhase section */

/* Begin PBXGroup section */
		FF16D2AC144F26EA00B9B1E6 /* psx2 */ = {
			isa = PBXGroup;
			children = (
				FF457770144E27A700C765B4 /* paulstretch */,
				FF16D2B8144F26EA00B9B1E6 /* psx2AppDelegate.h */,
				FF16D2B9144F26EA00B9B1E6 /* psx2AppDelegate.mm */,
				FF16D2BB144F26EA00B9B1E6 /* MainMenu.xib */,
				FF16D2B2144F26EA00B9B1E6 /* main.m */,
			);
			path = psx2;
			sourceTree = "<group>";
		};
		FF1F2937144E2FC600860684 /* en.lproj */ = {
			isa = PBXGroup;
			children = (
				FF1F2938144E2FC600860684 /* InfoPlist.strings */,
			);
			path = en.lproj;
			sourceTree = "<group>";
		};
		FF4576A8144E08C800C765B4 = {
			isa = PBXGroup;
			children = (
				FF16D2AC144F26EA00B9B1E6 /* psx2 */,
				FF457771144E28DB00C765B4 /* share */,
				FF4576EE144E0DBD00C765B4 /* lib */,
				FF4576DA144E0D3000C765B4 /* bin */,
			);
			sourceTree = "<group>";
		};
		FF4576DA144E0D3000C765B4 /* bin */ = {
			isa = PBXGroup;
			children = (
				FF1F28D4144E2E4400860684 /* psx.app */,
				FF16D2A3144F26EA00B9B1E6 /* psx2.app */,
			);
			name = bin;
			sourceTree = "<group>";
		};
		FF4576EE144E0DBD00C765B4 /* lib */ = {
			isa = PBXGroup;
			children = (
				FF45770F144E1CD300C765B4 /* ApplicationServices.framework */,
				FF457716144E1D2B00C765B4 /* Cocoa.framework */,
				FF457708144E1C0400C765B4 /* Quartz.framework */,
				FF4576EF144E0DF400C765B4 /* libfftw3.dylib */,
				FF45771C144E1D9E00C765B4 /* libfftw3f.dylib */,
				FF4576EC144E0DA600C765B4 /* libfltk.a */,
				FF4576EA144E0D5500C765B4 /* libaudiofile.dylib */,
				FF4576E8144E0D4F00C765B4 /* libmad.dylib */,
				FF16D29C144F233600B9B1E6 /* libmxml.a */,
				FF4576E6144E0D4900C765B4 /* libogg.dylib */,
				FF457735144E1F5700C765B4 /* libportaudio.2.0.0.dylib */,
				FF4576E4144E0D4200C765B4 /* libvorbis.dylib */,
				FF457730144E1EB700C765B4 /* libvorbisenc.dylib */,
				FF45772D144E1E9C00C765B4 /* libvorbisfile.dylib */,
				FF457719144E1D6600C765B4 /* libz.dylib */,
			);
			name = lib;
			sourceTree = "<group>";
		};
		FF45775D144E272200C765B4 /* contrib */ = {
			isa = PBXGroup;
			children = (
				FF457756144E271D00C765B4 /* COPYING_kiss_fft.txt */,
				FF457757144E271D00C765B4 /* kiss_fft.c */,
				FF457758144E271D00C765B4 /* kiss_fft.h */,
				FF457759144E271D00C765B4 /* kiss_fftr.c */,
				FF45775A144E271D00C765B4 /* kiss_fftr.h */,
				FF457755144E271D00C765B4 /* _kiss_fft_guts.h */,
			);
			name = contrib;
			sourceTree = "<group>";
		};
		FF457768144E274C00C765B4 /* input */ = {
			isa = PBXGroup;
			children = (
				FF45775E144E274700C765B4 /* AInputS.cpp */,
				FF45775F144E274700C765B4 /* AInputS.h */,
				FF457760144E274700C765B4 /* InputS.h */,
				FF457761144E274700C765B4 /* MP3InputS.cpp */,
				FF457762144E274700C765B4 /* MP3InputS.h */,
				FF457763144E274700C765B4 /* VorbisInputS.cpp */,
				FF457764144E274700C765B4 /* VorbisInputS.h */,
			);
			name = input;
			sourceTree = "<group>";
		};
		FF45776F144E275E00C765B4 /* output */ = {
			isa = PBXGroup;
			children = (
				FF457769144E275A00C765B4 /* AOutputS.cpp */,
				FF45776A144E275A00C765B4 /* AOutputS.h */,
				FF45776B144E275A00C765B4 /* VorbisOutputS.cpp */,
				FF45776C144E275A00C765B4 /* VorbisOutputS.h */,
			);
			name = output;
			sourceTree = "<group>";
		};
		FF457770144E27A700C765B4 /* paulstretch */ = {
			isa = PBXGroup;
			children = (
				FF457768144E274C00C765B4 /* input */,
				FF45776F144E275E00C765B4 /* output */,
				FF45775D144E272200C765B4 /* contrib */,
				FF4576B1144E0C0200C765B4 /* BinauralBeats.cpp */,
				FF4576B2144E0C0200C765B4 /* BinauralBeats.h */,
				FF4576B8144E0C0200C765B4 /* Control.cpp */,
				FF4576B9144E0C0200C765B4 /* Control.h */,
				FF4576BB144E0C0200C765B4 /* FreeEdit.cpp */,
				FF4576BC144E0C0200C765B4 /* FreeEdit.h */,
				FF4576BD144E0C0200C765B4 /* FreeEditUI.fl */,
				FF45773B144E216100C765B4 /* FreeEditUI.cxx */,
				FF45773C144E216100C765B4 /* FreeEditUI.h */,
				FF4576BE144E0C0200C765B4 /* globals.cpp */,
				FF4576BF144E0C0200C765B4 /* globals.h */,
				FF457738144E215900C765B4 /* GUI.cxx */,
				FF457739144E215900C765B4 /* GUI.h */,
				FF4576C0144E0C0200C765B4 /* GUI.fl */,
				FF4576C2144E0C0200C765B4 /* JAaudiooutput.cpp */,
				FF4576C3144E0C0200C765B4 /* JAaudiooutput.h */,
				FF4576C4144E0C0200C765B4 /* Mutex.cpp */,
				FF4576C5144E0C0200C765B4 /* Mutex.h */,
				FF4576C7144E0C0200C765B4 /* PAaudiooutput.cpp */,
				FF4576C8144E0C0200C765B4 /* PAaudiooutput.h */,
				FF4576C9144E0C0200C765B4 /* Player.cpp */,
				FF4576CA144E0C0200C765B4 /* Player.h */,
				FF4576CB144E0C0200C765B4 /* ProcessedStretch.cpp */,
				FF4576CC144E0C0200C765B4 /* ProcessedStretch.h */,
				FF4576CD144E0C0200C765B4 /* readme.txt */,
				FF4576CE144E0C0200C765B4 /* Stretch.cpp */,
				FF4576CF144E0C0200C765B4 /* Stretch.h */,
				FF4576D0144E0C0200C765B4 /* Thread.cpp */,
				FF4576D1144E0C0200C765B4 /* Thread.h */,
				FF4576D2144E0C0200C765B4 /* version.h */,
				FF4576D3144E0C0200C765B4 /* XMLwrapper.cpp */,
				FF4576D4144E0C0200C765B4 /* XMLwrapper.h */,
			);
			name = paulstretch;
			path = ..;
			sourceTree = "<group>";
		};
		FF457771144E28DB00C765B4 /* share */ = {
			isa = PBXGroup;
			children = (
				FF1F2937144E2FC600860684 /* en.lproj */,
				FF4576BA144E0C0200C765B4 /* COPYING */,
				FF1F293A144E2FC600860684 /* psx-Info.plist */,
				63C6C5BB144E74FB0028CF05 /* icon.icns */,
				FF1F293B144E2FC600860684 /* psx-Prefix.pch */,
				FF16D2B4144F26EA00B9B1E6 /* psx2-Prefix.pch */,
				FF16D2AE144F26EA00B9B1E6 /* psx2-Info.plist */,
				FF16D2AF144F26EA00B9B1E6 /* InfoPlist.strings */,
				FF16D2B5144F26EA00B9B1E6 /* Credits.rtf */,
			);
			name = share;
			sourceTree = "<group>";
		};
/* End PBXGroup section */

/* Begin PBXNativeTarget section */
		FF16D2A2144F26EA00B9B1E6 /* psx2 */ = {
			isa = PBXNativeTarget;
			buildConfigurationList = FF16D2BE144F26EA00B9B1E6 /* Build configuration list for PBXNativeTarget "psx2" */;
			buildPhases = (
				FF16D29F144F26EA00B9B1E6 /* Sources */,
				FF16D2A0144F26EA00B9B1E6 /* Frameworks */,
				FF16D2A1144F26EA00B9B1E6 /* Resources */,
			);
			buildRules = (
			);
			dependencies = (
			);
			name = psx2;
			productName = psx2;
			productReference = FF16D2A3144F26EA00B9B1E6 /* psx2.app */;
			productType = "com.apple.product-type.application";
		};
		FF1F28D3144E2E4400860684 /* psx */ = {
			isa = PBXNativeTarget;
			buildConfigurationList = FF1F28F1144E2E4500860684 /* Build configuration list for PBXNativeTarget "psx" */;
			buildPhases = (
				FF1F28D0144E2E4400860684 /* Sources */,
				FF1F28D1144E2E4400860684 /* Frameworks */,
				FF1F28D2144E2E4400860684 /* Resources */,
			);
			buildRules = (
			);
			dependencies = (
			);
			name = psx;
			productName = psx2;
			productReference = FF1F28D4144E2E4400860684 /* psx.app */;
			productType = "com.apple.product-type.application";
		};
/* End PBXNativeTarget section */

/* Begin PBXProject section */
		FF4576AA144E08C800C765B4 /* Project object */ = {
			isa = PBXProject;
			attributes = {
				LastUpgradeCheck = 0420;
			};
			buildConfigurationList = FF4576AD144E08C800C765B4 /* Build configuration list for PBXProject "paulstretch" */;
			compatibilityVersion = "Xcode 3.2";
			developmentRegion = English;
			hasScannedForEncodings = 0;
			knownRegions = (
				en,
			);
			mainGroup = FF4576A8144E08C800C765B4;
			productRefGroup = FF4576DA144E0D3000C765B4 /* bin */;
			projectDirPath = "";
			projectRoot = "";
			targets = (
				FF1F28D3144E2E4400860684 /* psx */,
				FF16D2A2144F26EA00B9B1E6 /* psx2 */,
			);
		};
/* End PBXProject section */

/* Begin PBXResourcesBuildPhase section */
		FF16D2A1144F26EA00B9B1E6 /* Resources */ = {
			isa = PBXResourcesBuildPhase;
			buildActionMask = 2147483647;
			files = (
				FF16D2B1144F26EA00B9B1E6 /* InfoPlist.strings in Resources */,
				FF16D2D0144F47A400B9B1E6 /* icon.icns in Resources */,
				FF16D2B7144F26EA00B9B1E6 /* Credits.rtf in Resources */,
				FF16D2BD144F26EA00B9B1E6 /* MainMenu.xib in Resources */,
			);
			runOnlyForDeploymentPostprocessing = 0;
		};
		FF1F28D2144E2E4400860684 /* Resources */ = {
			isa = PBXResourcesBuildPhase;
			buildActionMask = 2147483647;
			files = (
				63C6C5BA144E74620028CF05 /* COPYING in Resources */,
				FF1F293C144E2FC600860684 /* InfoPlist.strings in Resources */,
				63C6C5BC144E74FB0028CF05 /* icon.icns in Resources */,
			);
			runOnlyForDeploymentPostprocessing = 0;
		};
/* End PBXResourcesBuildPhase section */

/* Begin PBXSourcesBuildPhase section */
		FF16D29F144F26EA00B9B1E6 /* Sources */ = {
			isa = PBXSourcesBuildPhase;
			buildActionMask = 2147483647;
			files = (
				FF16D2B3144F26EA00B9B1E6 /* main.m in Sources */,
				FF16D2BA144F26EA00B9B1E6 /* psx2AppDelegate.mm in Sources */,
				FF16D2D1144F48B400B9B1E6 /* BinauralBeats.cpp in Sources */,
				FF16D2D2144F48B400B9B1E6 /* Control.cpp in Sources */,
				FF16D2D3144F48B400B9B1E6 /* FreeEdit.cpp in Sources */,
				FF16D2D4144F48B400B9B1E6 /* globals.cpp in Sources */,
				FF16D2D5144F48B400B9B1E6 /* JAaudiooutput.cpp in Sources */,
				FF16D2D6144F48BF00B9B1E6 /* AInputS.cpp in Sources */,
				FF16D2D7144F48BF00B9B1E6 /* MP3InputS.cpp in Sources */,
				FF16D2D8144F48BF00B9B1E6 /* VorbisInputS.cpp in Sources */,
				FF16D2D9144F48C600B9B1E6 /* AOutputS.cpp in Sources */,
				FF16D2DA144F48C600B9B1E6 /* VorbisOutputS.cpp in Sources */,
				FF16D2DC144F48E400B9B1E6 /* Mutex.cpp in Sources */,
				FF16D2DB144F48E400B9B1E6 /* FreeEditUI.cxx in Sources */,
				FF16D2DD144F48F200B9B1E6 /* PAaudiooutput.cpp in Sources */,
				FF16D2E4144F491900B9B1E6 /* Player.cpp in Sources */,
				FF16D2DF144F48F200B9B1E6 /* ProcessedStretch.cpp in Sources */,
				FF16D2E0144F48F200B9B1E6 /* Stretch.cpp in Sources */,
				FF16D2E1144F48F200B9B1E6 /* Thread.cpp in Sources */,
				FF16D2E2144F48F200B9B1E6 /* XMLwrapper.cpp in Sources */,
			);
			runOnlyForDeploymentPostprocessing = 0;
		};
		FF1F28D0144E2E4400860684 /* Sources */ = {
			isa = PBXSourcesBuildPhase;
			buildActionMask = 2147483647;
			files = (
				FF1F28F3144E2E6E00860684 /* BinauralBeats.cpp in Sources */,
				FF1F28F4144E2E6E00860684 /* Control.cpp in Sources */,
				FF1F28F5144E2E6E00860684 /* FreeEdit.cpp in Sources */,
				FF1F28F6144E2E6E00860684 /* globals.cpp in Sources */,
				FF1F28F7144E2E6E00860684 /* JAaudiooutput.cpp in Sources */,
				FF1F28FF144E2E7800860684 /* AOutputS.cpp in Sources */,
				FF1F2901144E2E7F00860684 /* AInputS.cpp in Sources */,
				FF1F2902144E2E7F00860684 /* MP3InputS.cpp in Sources */,
				FF1F2903144E2E7F00860684 /* VorbisInputS.cpp in Sources */,
				FF1F2900144E2E7800860684 /* VorbisOutputS.cpp in Sources */,
				FF1F28F8144E2E6E00860684 /* Mutex.cpp in Sources */,
				FF1F2912144E2EC000860684 /* FreeEditUI.cxx in Sources */,
				FF1F2913144E2EC000860684 /* GUI.cxx in Sources */,
				FF1F28F9144E2E6E00860684 /* PAaudiooutput.cpp in Sources */,
				FF1F28FA144E2E6E00860684 /* Player.cpp in Sources */,
				FF1F28FB144E2E6E00860684 /* ProcessedStretch.cpp in Sources */,
				FF1F28FC144E2E6E00860684 /* Stretch.cpp in Sources */,
				FF1F28FD144E2E6E00860684 /* Thread.cpp in Sources */,
				FF1F28FE144E2E6E00860684 /* XMLwrapper.cpp in Sources */,
			);
			runOnlyForDeploymentPostprocessing = 0;
		};
/* End PBXSourcesBuildPhase section */

/* Begin PBXVariantGroup section */
		FF16D2AF144F26EA00B9B1E6 /* InfoPlist.strings */ = {
			isa = PBXVariantGroup;
			children = (
				FF16D2B0144F26EA00B9B1E6 /* en */,
			);
			name = InfoPlist.strings;
			path = psx2;
			sourceTree = "<group>";
		};
		FF16D2B5144F26EA00B9B1E6 /* Credits.rtf */ = {
			isa = PBXVariantGroup;
			children = (
				FF16D2B6144F26EA00B9B1E6 /* en */,
			);
			name = Credits.rtf;
			path = psx2;
			sourceTree = "<group>";
		};
		FF16D2BB144F26EA00B9B1E6 /* MainMenu.xib */ = {
			isa = PBXVariantGroup;
			children = (
				FF16D2BC144F26EA00B9B1E6 /* en */,
			);
			name = MainMenu.xib;
			sourceTree = "<group>";
		};
		FF1F2938144E2FC600860684 /* InfoPlist.strings */ = {
			isa = PBXVariantGroup;
			children = (
				FF1F2939144E2FC600860684 /* en */,
			);
			name = InfoPlist.strings;
			sourceTree = "<group>";
		};
/* End PBXVariantGroup section */

/* Begin XCBuildConfiguration section */
		FF16D2BF144F26EA00B9B1E6 /* Debug */ = {
			isa = XCBuildConfiguration;
			buildSettings = {
				ALWAYS_SEARCH_USER_PATHS = NO;
				ARCHS = "$(ARCHS_STANDARD_32_64_BIT)";
				COPY_PHASE_STRIP = NO;
				GCC_C_LANGUAGE_STANDARD = gnu99;
				GCC_DYNAMIC_NO_PIC = NO;
				GCC_ENABLE_OBJC_EXCEPTIONS = YES;
				GCC_OPTIMIZATION_LEVEL = 0;
				GCC_PRECOMPILE_PREFIX_HEADER = YES;
				GCC_PREFIX_HEADER = "psx2/psx2-Prefix.pch";
				GCC_PREPROCESSOR_DEFINITIONS = (
					"DEBUG=1",
					"$(inherited)",
				);
				GCC_SYMBOLS_PRIVATE_EXTERN = NO;
				GCC_VERSION = com.apple.compilers.llvm.clang.1_0;
				INFOPLIST_FILE = "psx2/psx2-Info.plist";
				LIBRARY_SEARCH_PATHS = "$(inherited)";
				MACOSX_DEPLOYMENT_TARGET = 10.6;
				ONLY_ACTIVE_ARCH = YES;
				PRODUCT_NAME = "$(TARGET_NAME)";
				SDKROOT = macosx;
				WRAPPER_EXTENSION = app;
			};
			name = Debug;
		};
		FF16D2C0144F26EA00B9B1E6 /* Release */ = {
			isa = XCBuildConfiguration;
			buildSettings = {
				ALWAYS_SEARCH_USER_PATHS = NO;
				ARCHS = "$(ARCHS_STANDARD_32_64_BIT)";
				COPY_PHASE_STRIP = YES;
				DEBUG_INFORMATION_FORMAT = "dwarf-with-dsym";
				GCC_C_LANGUAGE_STANDARD = gnu99;
				GCC_ENABLE_OBJC_EXCEPTIONS = YES;
				GCC_PRECOMPILE_PREFIX_HEADER = YES;
				GCC_PREFIX_HEADER = "psx2/psx2-Prefix.pch";
				GCC_VERSION = com.apple.compilers.llvm.clang.1_0;
				INFOPLIST_FILE = "psx2/psx2-Info.plist";
				LIBRARY_SEARCH_PATHS = "$(inherited)";
				MACOSX_DEPLOYMENT_TARGET = 10.6;
				PRODUCT_NAME = "$(TARGET_NAME)";
				SDKROOT = macosx;
				WRAPPER_EXTENSION = app;
			};
			name = Release;
		};
		FF1F28EF144E2E4400860684 /* Debug */ = {
			isa = XCBuildConfiguration;
			buildSettings = {
				ALWAYS_SEARCH_USER_PATHS = NO;
				ARCHS = "$(ARCHS_STANDARD_32_64_BIT)";
				COPY_PHASE_STRIP = NO;
				GCC_C_LANGUAGE_STANDARD = gnu99;
				GCC_DYNAMIC_NO_PIC = NO;
				GCC_ENABLE_OBJC_EXCEPTIONS = YES;
				GCC_OPTIMIZATION_LEVEL = 0;
				GCC_PRECOMPILE_PREFIX_HEADER = YES;
				GCC_PREFIX_HEADER = "psx-Prefix.pch";
				GCC_PREPROCESSOR_DEFINITIONS = (
					"DEBUG=1",
					"$(inherited)",
				);
				GCC_SYMBOLS_PRIVATE_EXTERN = NO;
				GCC_VERSION = com.apple.compilers.llvm.clang.1_0;
				INFOPLIST_FILE = "psx-Info.plist";
				LIBRARY_SEARCH_PATHS = "$(inherited)";
				MACOSX_DEPLOYMENT_TARGET = 10.6;
				ONLY_ACTIVE_ARCH = YES;
				PRODUCT_NAME = "$(TARGET_NAME)";
				SDKROOT = macosx;
				WRAPPER_EXTENSION = app;
			};
			name = Debug;
		};
		FF1F28F0144E2E4400860684 /* Release */ = {
			isa = XCBuildConfiguration;
			buildSettings = {
				ALWAYS_SEARCH_USER_PATHS = NO;
				ARCHS = "$(ARCHS_STANDARD_32_64_BIT)";
				COPY_PHASE_STRIP = YES;
				DEBUG_INFORMATION_FORMAT = "dwarf-with-dsym";
				GCC_C_LANGUAGE_STANDARD = gnu99;
				GCC_ENABLE_OBJC_EXCEPTIONS = YES;
				GCC_PRECOMPILE_PREFIX_HEADER = YES;
				GCC_PREFIX_HEADER = "psx-Prefix.pch";
				GCC_VERSION = com.apple.compilers.llvm.clang.1_0;
				INFOPLIST_FILE = "psx-Info.plist";
				LIBRARY_SEARCH_PATHS = "$(inherited)";
				MACOSX_DEPLOYMENT_TARGET = 10.6;
				PRODUCT_NAME = "$(TARGET_NAME)";
				SDKROOT = macosx;
				WRAPPER_EXTENSION = app;
			};
			name = Release;
		};
		FF4576AF144E08CA00C765B4 /* Debug */ = {
			isa = XCBuildConfiguration;
			buildSettings = {
			};
			name = Debug;
		};
		FF4576B0144E08CA00C765B4 /* Release */ = {
			isa = XCBuildConfiguration;
			buildSettings = {
			};
			name = Release;
		};
/* End XCBuildConfiguration section */

/* Begin XCConfigurationList section */
		FF16D2BE144F26EA00B9B1E6 /* Build configuration list for PBXNativeTarget "psx2" */ = {
			isa = XCConfigurationList;
			buildConfigurations = (
				FF16D2BF144F26EA00B9B1E6 /* Debug */,
				FF16D2C0144F26EA00B9B1E6 /* Release */,
			);
			defaultConfigurationIsVisible = 0;
			defaultConfigurationName = Release;
		};
		FF1F28F1144E2E4500860684 /* Build configuration list for PBXNativeTarget "psx" */ = {
			isa = XCConfigurationList;
			buildConfigurations = (
				FF1F28EF144E2E4400860684 /* Debug */,
				FF1F28F0144E2E4400860684 /* Release */,
			);
			defaultConfigurationIsVisible = 0;
			defaultConfigurationName = Release;
		};
		FF4576AD144E08C800C765B4 /* Build configuration list for PBXProject "paulstretch" */ = {
			isa = XCConfigurationList;
			buildConfigurations = (
				FF4576AF144E08CA00C765B4 /* Debug */,
				FF4576B0144E08CA00C765B4 /* Release */,
			);
			defaultConfigurationIsVisible = 0;
			defaultConfigurationName = Release;
		};
/* End XCConfigurationList section */
	};
	rootObject = FF4576AA144E08C800C765B4 /* Project object */;
}
